
Microsoft Visual Studio Solution File, Format Version 12.00
# Visual Studio Version 16
VisualStudioVersion = 16.0.29613.14
MinimumVisualStudioVersion = 10.0.40219.1
Project("{9A19103F-16F7-4668-BE54-9A1E7A4F7556}") = "CocktailMagician.Services", "CocktailMagician.Services\CocktailMagician.Services.csproj", "{80F9BC09-32C9-497E-81A5-5B0C4BF1C5A2}"
EndProject
Project("{9A19103F-16F7-4668-BE54-9A1E7A4F7556}") = "CocktailMagician.Tests", "CocktailMagician.Tests\CocktailMagician.Tests.csproj", "{98D3D965-48F0-411B-926F-70C41C8FDF33}"
EndProject
Project("{9A19103F-16F7-4668-BE54-9A1E7A4F7556}") = "CocktailMagician.Web", "CocktailMagician.Web\CocktailMagician.Web.csproj", "{DE1BB51D-2B1B-47E2-A6C7-27EAC87C1863}"
EndProject
Project("{9A19103F-16F7-4668-BE54-9A1E7A4F7556}") = "CocktailMagician.Data", "CocktailMagician.Data\CocktailMagician.Data.csproj", "{35EE49CD-3D9B-4C13-B52A-D4FC6EFC0651}"
EndProject
Global
	GlobalSection(SolutionConfigurationPlatforms) = preSolution
		Debug|Any CPU = Debug|Any CPU
		Release|Any CPU = Release|Any CPU
	EndGlobalSection
	GlobalSection(ProjectConfigurationPlatforms) = postSolution
		{80F9BC09-32C9-497E-81A5-5B0C4BF1C5A2}.Debug|Any CPU.ActiveCfg = Debug|Any CPU
		{80F9BC09-32C9-497E-81A5-5B0C4BF1C5A2}.Debug|Any CPU.Build.0 = Debug|Any CPU
		{80F9BC09-32C9-497E-81A5-5B0C4BF1C5A2}.Release|Any CPU.ActiveCfg = Release|Any CPU
		{80F9BC09-32C9-497E-81A5-5B0C4BF1C5A2}.Release|Any CPU.Build.0 = Release|Any CPU
		{98D3D965-48F0-411B-926F-70C41C8FDF33}.Debug|Any CPU.ActiveCfg = Debug|Any CPU
		{98D3D965-48F0-411B-926F-70C41C8FDF33}.Debug|Any CPU.Build.0 = Debug|Any CPU
		{98D3D965-48F0-411B-926F-70C41C8FDF33}.Release|Any CPU.ActiveCfg = Release|Any CPU
		{98D3D965-48F0-411B-926F-70C41C8FDF33}.Release|Any CPU.Build.0 = Release|Any CPU
		{DE1BB51D-2B1B-47E2-A6C7-27EAC87C1863}.Debug|Any CPU.ActiveCfg = Debug|Any CPU
		{DE1BB51D-2B1B-47E2-A6C7-27EAC87C1863}.Debug|Any CPU.Build.0 = Debug|Any CPU
		{DE1BB51D-2B1B-47E2-A6C7-27EAC87C1863}.Release|Any CPU.ActiveCfg = Release|Any CPU
		{DE1BB51D-2B1B-47E2-A6C7-27EAC87C1863}.Release|Any CPU.Build.0 = Release|Any CPU
		{35EE49CD-3D9B-4C13-B52A-D4FC6EFC0651}.Debug|Any CPU.ActiveCfg = Debug|Any CPU
		{35EE49CD-3D9B-4C13-B52A-D4FC6EFC0651}.Debug|Any CPU.Build.0 = Debug|Any CPU
		{35EE49CD-3D9B-4C13-B52A-D4FC6EFC0651}.Release|Any CPU.ActiveCfg = Release|Any CPU
		{35EE49CD-3D9B-4C13-B52A-D4FC6EFC0651}.Release|Any CPU.Build.0 = Release|Any CPU
	EndGlobalSection
	GlobalSection(SolutionProperties) = preSolution
		HideSolutionNode = FALSE
	EndGlobalSection
	GlobalSection(ExtensibilityGlobals) = postSolution
		SolutionGuid = {CDEE7F46-AE7D-4897-9532-9DDF30F684CA}
	EndGlobalSection
EndGlobal
